
Microsoft Visual Studio Solution File, Format Version 12.00
# Visual Studio Version 17
VisualStudioVersion = 17.9.34728.123
MinimumVisualStudioVersion = 10.0.40219.1
Project("{FAE04EC0-301F-11D3-BF4B-00C04F79EFBC}") = "baitapbuoi10", "baitapbuoi10\baitapbuoi10.csproj", "{D218A9CF-BCA1-4275-B015-AD18FA14A310}"
EndProject
Project("{FAE04EC0-301F-11D3-BF4B-00C04F79EFBC}") = "commonlib", "commonlib\commonlib.csproj", "{2E6AA994-CB9A-44E1-B067-7127E1467BD9}"
EndProject
Project("{FAE04EC0-301F-11D3-BF4B-00C04F79EFBC}") = "bai10_DataAccess", "bai10_DataAccess\bai10_DataAccess.csproj", "{95E892B3-DCF5-4F5A-A229-135AFAC0D4C9}"
EndProject
Global
	GlobalSection(SolutionConfigurationPlatforms) = preSolution
		Debug|Any CPU = Debug|Any CPU
		Release|Any CPU = Release|Any CPU
	EndGlobalSection
	GlobalSection(ProjectConfigurationPlatforms) = postSolution
		{D218A9CF-BCA1-4275-B015-AD18FA14A310}.Debug|Any CPU.ActiveCfg = Debug|Any CPU
		{D218A9CF-BCA1-4275-B015-AD18FA14A310}.Debug|Any CPU.Build.0 = Debug|Any CPU
		{D218A9CF-BCA1-4275-B015-AD18FA14A310}.Release|Any CPU.ActiveCfg = Release|Any CPU
		{D218A9CF-BCA1-4275-B015-AD18FA14A310}.Release|Any CPU.Build.0 = Release|Any CPU
		{2E6AA994-CB9A-44E1-B067-7127E1467BD9}.Debug|Any CPU.ActiveCfg = Debug|Any CPU
		{2E6AA994-CB9A-44E1-B067-7127E1467BD9}.Debug|Any CPU.Build.0 = Debug|Any CPU
		{2E6AA994-CB9A-44E1-B067-7127E1467BD9}.Release|Any CPU.ActiveCfg = Release|Any CPU
		{2E6AA994-CB9A-44E1-B067-7127E1467BD9}.Release|Any CPU.Build.0 = Release|Any CPU
		{95E892B3-DCF5-4F5A-A229-135AFAC0D4C9}.Debug|Any CPU.ActiveCfg = Debug|Any CPU
		{95E892B3-DCF5-4F5A-A229-135AFAC0D4C9}.Debug|Any CPU.Build.0 = Debug|Any CPU
		{95E892B3-DCF5-4F5A-A229-135AFAC0D4C9}.Release|Any CPU.ActiveCfg = Release|Any CPU
		{95E892B3-DCF5-4F5A-A229-135AFAC0D4C9}.Release|Any CPU.Build.0 = Release|Any CPU
	EndGlobalSection
	GlobalSection(SolutionProperties) = preSolution
		HideSolutionNode = FALSE
	EndGlobalSection
	GlobalSection(ExtensibilityGlobals) = postSolution
		SolutionGuid = {0C302DCA-6727-4647-8503-FD6097FA3B11}
	EndGlobalSection
EndGlobal
